// !$*UTF8*$!
{
	archiveVersion = 1;
	classes = {
	};
	objectVersion = 46;
	objects = {

/* Begin PBXBuildFile section */
		8977BF5F1A8572B700EC898A /* main.m in Sources */ = {isa = PBXBuildFile; fileRef = 8977BF5E1A8572B700EC898A /* main.m */; };
		8977BF621A8572B700EC898A /* AppDelegate.m in Sources */ = {isa = PBXBuildFile; fileRef = 8977BF611A8572B700EC898A /* AppDelegate.m */; };
		8977BF651A8572B700EC898A /* Testing_Websockets.xcdatamodeld in Sources */ = {isa = PBXBuildFile; fileRef = 8977BF631A8572B700EC898A /* Testing_Websockets.xcdatamodeld */; };
		8977BF681A8572B700EC898A /* ViewController.m in Sources */ = {isa = PBXBuildFile; fileRef = 8977BF671A8572B700EC898A /* ViewController.m */; };
		8977BF6B1A8572B700EC898A /* Main.storyboard in Resources */ = {isa = PBXBuildFile; fileRef = 8977BF691A8572B700EC898A /* Main.storyboard */; };
		8977BF6D1A8572B700EC898A /* Images.xcassets in Resources */ = {isa = PBXBuildFile; fileRef = 8977BF6C1A8572B700EC898A /* Images.xcassets */; };
		8977BF701A8572B700EC898A /* LaunchScreen.xib in Resources */ = {isa = PBXBuildFile; fileRef = 8977BF6E1A8572B700EC898A /* LaunchScreen.xib */; };
		8977BF7C1A8572B700EC898A /* Testing_WebsocketsTests.m in Sources */ = {isa = PBXBuildFile; fileRef = 8977BF7B1A8572B700EC898A /* Testing_WebsocketsTests.m */; };
/* End PBXBuildFile section */

/* Begin PBXContainerItemProxy section */
		8977BF761A8572B700EC898A /* PBXContainerItemProxy */ = {
			isa = PBXContainerItemProxy;
			containerPortal = 8977BF511A8572B700EC898A /* Project object */;
			proxyType = 1;
			remoteGlobalIDString = 8977BF581A8572B700EC898A;
			remoteInfo = "Testing Websockets";
		};
/* End PBXContainerItemProxy section */

/* Begin PBXFileReference section */
		8977BF591A8572B700EC898A /* Testing Websockets.app */ = {isa = PBXFileReference; explicitFileType = wrapper.application; includeInIndex = 0; path = "Testing Websockets.app"; sourceTree = BUILT_PRODUCTS_DIR; };
		8977BF5D1A8572B700EC898A /* Info.plist */ = {isa = PBXFileReference; lastKnownFileType = text.plist.xml; path = Info.plist; sourceTree = "<group>"; };
		8977BF5E1A8572B700EC898A /* main.m */ = {isa = PBXFileReference; lastKnownFileType = sourcecode.c.objc; path = main.m; sourceTree = "<group>"; };
		8977BF601A8572B700EC898A /* AppDelegate.h */ = {isa = PBXFileReference; lastKnownFileType = sourcecode.c.h; path = AppDelegate.h; sourceTree = "<group>"; };
		8977BF611A8572B700EC898A /* AppDelegate.m */ = {isa = PBXFileReference; lastKnownFileType = sourcecode.c.objc; path = AppDelegate.m; sourceTree = "<group>"; };
		8977BF641A8572B700EC898A /* Testing_Websockets.xcdatamodel */ = {isa = PBXFileReference; lastKnownFileType = wrapper.xcdatamodel; path = Testing_Websockets.xcdatamodel; sourceTree = "<group>"; };
		8977BF661A8572B700EC898A /* ViewController.h */ = {isa = PBXFileReference; lastKnownFileType = sourcecode.c.h; path = ViewController.h; sourceTree = "<group>"; };
		8977BF671A8572B700EC898A /* ViewController.m */ = {isa = PBXFileReference; lastKnownFileType = sourcecode.c.objc; path = ViewController.m; sourceTree = "<group>"; };
		8977BF6A1A8572B700EC898A /* Base */ = {isa = PBXFileReference; lastKnownFileType = file.storyboard; name = Base; path = Base.lproj/Main.storyboard; sourceTree = "<group>"; };
		8977BF6C1A8572B700EC898A /* Images.xcassets */ = {isa = PBXFileReference; lastKnownFileType = folder.assetcatalog; path = Images.xcassets; sourceTree = "<group>"; };
		8977BF6F1A8572B700EC898A /* Base */ = {isa = PBXFileReference; lastKnownFileType = file.xib; name = Base; path = Base.lproj/LaunchScreen.xib; sourceTree = "<group>"; };
		8977BF751A8572B700EC898A /* Testing WebsocketsTests.xctest */ = {isa = PBXFileReference; explicitFileType = wrapper.cfbundle; includeInIndex = 0; path = "Testing WebsocketsTests.xctest"; sourceTree = BUILT_PRODUCTS_DIR; };
		8977BF7A1A8572B700EC898A /* Info.plist */ = {isa = PBXFileReference; lastKnownFileType = text.plist.xml; path = Info.plist; sourceTree = "<group>"; };
		8977BF7B1A8572B700EC898A /* Testing_WebsocketsTests.m */ = {isa = PBXFileReference; lastKnownFileType = sourcecode.c.objc; path = Testing_WebsocketsTests.m; sourceTree = "<group>"; };
/* End PBXFileReference section */

/* Begin PBXFrameworksBuildPhase section */
		8977BF561A8572B700EC898A /* Frameworks */ = {
			isa = PBXFrameworksBuildPhase;
			buildActionMask = 2147483647;
			files = (
			);
			runOnlyForDeploymentPostprocessing = 0;
		};
		8977BF721A8572B700EC898A /* Frameworks */ = {
			isa = PBXFrameworksBuildPhase;
			buildActionMask = 2147483647;
			files = (
			);
			runOnlyForDeploymentPostprocessing = 0;
		};
/* End PBXFrameworksBuildPhase section */

/* Begin PBXGroup section */
		8977BF501A8572B700EC898A = {
			isa = PBXGroup;
			children = (
				8977BF5B1A8572B700EC898A /* Testing Websockets */,
				8977BF781A8572B700EC898A /* Testing WebsocketsTests */,
				8977BF5A1A8572B700EC898A /* Products */,
			);
			sourceTree = "<group>";
		};
		8977BF5A1A8572B700EC898A /* Products */ = {
			isa = PBXGroup;
			children = (
				8977BF591A8572B700EC898A /* Testing Websockets.app */,
				8977BF751A8572B700EC898A /* Testing WebsocketsTests.xctest */,
			);
			name = Products;
			sourceTree = "<group>";
		};
		8977BF5B1A8572B700EC898A /* Testing Websockets */ = {
			isa = PBXGroup;
			children = (
				8977BF601A8572B700EC898A /* AppDelegate.h */,
				8977BF611A8572B700EC898A /* AppDelegate.m */,
				8977BF661A8572B700EC898A /* ViewController.h */,
				8977BF671A8572B700EC898A /* ViewController.m */,
				8977BF691A8572B700EC898A /* Main.storyboard */,
				8977BF6C1A8572B700EC898A /* Images.xcassets */,
				8977BF6E1A8572B700EC898A /* LaunchScreen.xib */,
				8977BF631A8572B700EC898A /* Testing_Websockets.xcdatamodeld */,
				8977BF5C1A8572B700EC898A /* Supporting Files */,
			);
			path = "Testing Websockets";
			sourceTree = "<group>";
		};
		8977BF5C1A8572B700EC898A /* Supporting Files */ = {
			isa = PBXGroup;
			children = (
				8977BF5D1A8572B700EC898A /* Info.plist */,
				8977BF5E1A8572B700EC898A /* main.m */,
			);
			name = "Supporting Files";
			sourceTree = "<group>";
		};
		8977BF781A8572B700EC898A /* Testing WebsocketsTests */ = {
			isa = PBXGroup;
			children = (
				8977BF7B1A8572B700EC898A /* Testing_WebsocketsTests.m */,
				8977BF791A8572B700EC898A /* Supporting Files */,
			);
			path = "Testing WebsocketsTests";
			sourceTree = "<group>";
		};
		8977BF791A8572B700EC898A /* Supporting Files */ = {
			isa = PBXGroup;
			children = (
				8977BF7A1A8572B700EC898A /* Info.plist */,
			);
			name = "Supporting Files";
			sourceTree = "<group>";
		};
/* End PBXGroup section */

/* Begin PBXNativeTarget section */
		8977BF581A8572B700EC898A /* Testing Websockets */ = {
			isa = PBXNativeTarget;
			buildConfigurationList = 8977BF7F1A8572B700EC898A /* Build configuration list for PBXNativeTarget "Testing Websockets" */;
			buildPhases = (
				8977BF551A8572B700EC898A /* Sources */,
				8977BF561A8572B700EC898A /* Frameworks */,
				8977BF571A8572B700EC898A /* Resources */,
			);
			buildRules = (
			);
			dependencies = (
			);
			name = "Testing Websockets";
			productName = "Testing Websockets";
			productReference = 8977BF591A8572B700EC898A /* Testing Websockets.app */;
			productType = "com.apple.product-type.application";
		};
		8977BF741A8572B700EC898A /* Testing WebsocketsTests */ = {
			isa = PBXNativeTarget;
			buildConfigurationList = 8977BF821A8572B700EC898A /* Build configuration list for PBXNativeTarget "Testing WebsocketsTests" */;
			buildPhases = (
				8977BF711A8572B700EC898A /* Sources */,
				8977BF721A8572B700EC898A /* Frameworks */,
				8977BF731A8572B700EC898A /* Resources */,
			);
			buildRules = (
			);
			dependencies = (
				8977BF771A8572B700EC898A /* PBXTargetDependency */,
			);
			name = "Testing WebsocketsTests";
			productName = "Testing WebsocketsTests";
			productReference = 8977BF751A8572B700EC898A /* Testing WebsocketsTests.xctest */;
			productType = "com.apple.product-type.bundle.unit-test";
		};
/* End PBXNativeTarget section */

/* Begin PBXProject section */
		8977BF511A8572B700EC898A /* Project object */ = {
			isa = PBXProject;
			attributes = {
				LastUpgradeCheck = 0610;
				ORGANIZATIONNAME = "Rowdy Labs LLC";
				TargetAttributes = {
					8977BF581A8572B700EC898A = {
						CreatedOnToolsVersion = 6.1.1;
					};
					8977BF741A8572B700EC898A = {
						CreatedOnToolsVersion = 6.1.1;
						TestTargetID = 8977BF581A8572B700EC898A;
					};
				};
			};
			buildConfigurationList = 8977BF541A8572B700EC898A /* Build configuration list for PBXProject "Testing Websockets" */;
			compatibilityVersion = "Xcode 3.2";
			developmentRegion = English;
			hasScannedForEncodings = 0;
			knownRegions = (
				en,
				Base,
			);
			mainGroup = 8977BF501A8572B700EC898A;
			productRefGroup = 8977BF5A1A8572B700EC898A /* Products */;
			projectDirPath = "";
			projectRoot = "";
			targets = (
				8977BF581A8572B700EC898A /* Testing Websockets */,
				8977BF741A8572B700EC898A /* Testing WebsocketsTests */,
			);
		};
/* End PBXProject section */

/* Begin PBXResourcesBuildPhase section */
		8977BF571A8572B700EC898A /* Resources */ = {
			isa = PBXResourcesBuildPhase;
			buildActionMask = 2147483647;
			files = (
				8977BF6B1A8572B700EC898A /* Main.storyboard in Resources */,
				8977BF701A8572B700EC898A /* LaunchScreen.xib in Resources */,
				8977BF6D1A8572B700EC898A /* Images.xcassets in Resources */,
			);
			runOnlyForDeploymentPostprocessing = 0;
		};
		8977BF731A8572B700EC898A /* Resources */ = {
			isa = PBXResourcesBuildPhase;
			buildActionMask = 2147483647;
			files = (
			);
			runOnlyForDeploymentPostprocessing = 0;
		};
/* End PBXResourcesBuildPhase section */

/* Begin PBXSourcesBuildPhase section */
		8977BF551A8572B700EC898A /* Sources */ = {
			isa = PBXSourcesBuildPhase;
			buildActionMask = 2147483647;
			files = (
				8977BF621A8572B700EC898A /* AppDelegate.m in Sources */,
				8977BF651A8572B700EC898A /* Testing_Websockets.xcdatamodeld in Sources */,
				8977BF681A8572B700EC898A /* ViewController.m in Sources */,
				8977BF5F1A8572B700EC898A /* main.m in Sources */,
			);
			runOnlyForDeploymentPostprocessing = 0;
		};
		8977BF711A8572B700EC898A /* Sources */ = {
			isa = PBXSourcesBuildPhase;
			buildActionMask = 2147483647;
			files = (
				8977BF7C1A8572B700EC898A /* Testing_WebsocketsTests.m in Sources */,
			);
			runOnlyForDeploymentPostprocessing = 0;
		};
/* End PBXSourcesBuildPhase section */

/* Begin PBXTargetDependency section */
		8977BF771A8572B700EC898A /* PBXTargetDependency */ = {
			isa = PBXTargetDependency;
			target = 8977BF581A8572B700EC898A /* Testing Websockets */;
			targetProxy = 8977BF761A8572B700EC898A /* PBXContainerItemProxy */;
		};
/* End PBXTargetDependency section */

/* Begin PBXVariantGroup section */
		8977BF691A8572B700EC898A /* Main.storyboard */ = {
			isa = PBXVariantGroup;
			children = (
				8977BF6A1A8572B700EC898A /* Base */,
			);
			name = Main.storyboard;
			sourceTree = "<group>";
		};
		8977BF6E1A8572B700EC898A /* LaunchScreen.xib */ = {
			isa = PBXVariantGroup;
			children = (
				8977BF6F1A8572B700EC898A /* Base */,
			);
			name = LaunchScreen.xib;
			sourceTree = "<group>";
		};
/* End PBXVariantGroup section */

/* Begin XCBuildConfiguration section */
		8977BF7D1A8572B700EC898A /* Debug */ = {
			isa = XCBuildConfiguration;
			buildSettings = {
				ALWAYS_SEARCH_USER_PATHS = NO;
				CLANG_CXX_LANGUAGE_STANDARD = "gnu++0x";
				CLANG_CXX_LIBRARY = "libc++";
				CLANG_ENABLE_MODULES = YES;
				CLANG_ENABLE_OBJC_ARC = YES;
				CLANG_WARN_BOOL_CONVERSION = YES;
				CLANG_WARN_CONSTANT_CONVERSION = YES;
				CLANG_WARN_DIRECT_OBJC_ISA_USAGE = YES_ERROR;
				CLANG_WARN_EMPTY_BODY = YES;
				CLANG_WARN_ENUM_CONVERSION = YES;
				CLANG_WARN_INT_CONVERSION = YES;
				CLANG_WARN_OBJC_ROOT_CLASS = YES_ERROR;
				CLANG_WARN_UNREACHABLE_CODE = YES;
				CLANG_WARN__DUPLICATE_METHOD_MATCH = YES;
				"CODE_SIGN_IDENTITY[sdk=iphoneos*]" = "iPhone Developer";
				COPY_PHASE_STRIP = NO;
				ENABLE_STRICT_OBJC_MSGSEND = YES;
				GCC_C_LANGUAGE_STANDARD = gnu99;
				GCC_DYNAMIC_NO_PIC = NO;
				GCC_OPTIMIZATION_LEVEL = 0;
				GCC_PREPROCESSOR_DEFINITIONS = (
					"DEBUG=1",
					"$(inherited)",
				);
				GCC_SYMBOLS_PRIVATE_EXTERN = NO;
				GCC_WARN_64_TO_32_BIT_CONVERSION = YES;
				GCC_WARN_ABOUT_RETURN_TYPE = YES_ERROR;
				GCC_WARN_UNDECLARED_SELECTOR = YES;
				GCC_WARN_UNINITIALIZED_AUTOS = YES_AGGRESSIVE;
				GCC_WARN_UNUSED_FUNCTION = YES;
				GCC_WARN_UNUSED_VARIABLE = YES;
				IPHONEOS_DEPLOYMENT_TARGET = 8.1;
				MTL_ENABLE_DEBUG_INFO = YES;
				ONLY_ACTIVE_ARCH = YES;
				SDKROOT = iphoneos;
				TARGETED_DEVICE_FAMILY = "1,2";
			};
			name = Debug;
		};
		8977BF7E1A8572B700EC898A /* Release */ = {
			isa = XCBuildConfiguration;
			buildSettings = {
				ALWAYS_SEARCH_USER_PATHS = NO;
				CLANG_CXX_LANGUAGE_STANDARD = "gnu++0x";
				CLANG_CXX_LIBRARY = "libc++";
				CLANG_ENABLE_MODULES = YES;
				CLANG_ENABLE_OBJC_ARC = YES;
				CLANG_WARN_BOOL_CONVERSION = YES;
				CLANG_WARN_CONSTANT_CONVERSION = YES;
				CLANG_WARN_DIRECT_OBJC_ISA_USAGE = YES_ERROR;
				CLANG_WARN_EMPTY_BODY = YES;
				CLANG_WARN_ENUM_CONVERSION = YES;
				CLANG_WARN_INT_CONVERSION = YES;
				CLANG_WARN_OBJC_ROOT_CLASS = YES_ERROR;
				CLANG_WARN_UNREACHABLE_CODE = YES;
				CLANG_WARN__DUPLICATE_METHOD_MATCH = YES;
				"CODE_SIGN_IDENTITY[sdk=iphoneos*]" = "iPhone Developer";
				COPY_PHASE_STRIP = YES;
				ENABLE_NS_ASSERTIONS = NO;
				ENABLE_STRICT_OBJC_MSGSEND = YES;
				GCC_C_LANGUAGE_STANDARD = gnu99;
				GCC_WARN_64_TO_32_BIT_CONVERSION = YES;
				GCC_WARN_ABOUT_RETURN_TYPE = YES_ERROR;
				GCC_WARN_UNDECLARED_SELECTOR = YES;
				GCC_WARN_UNINITIALIZED_AUTOS = YES_AGGRESSIVE;
				GCC_WARN_UNUSED_FUNCTION = YES;
				GCC_WARN_UNUSED_VARIABLE = YES;
				IPHONEOS_DEPLOYMENT_TARGET = 8.1;
				MTL_ENABLE_DEBUG_INFO = NO;
				SDKROOT = iphoneos;
				TARGETED_DEVICE_FAMILY = "1,2";
				VALIDATE_PRODUCT = YES;
			};
			name = Release;
		};
		8977BF801A8572B700EC898A /* Debug */ = {
			isa = XCBuildConfiguration;
			buildSettings = {
				ASSETCATALOG_COMPILER_APPICON_NAME = AppIcon;
				INFOPLIST_FILE = "Testing Websockets/Info.plist";
				LD_RUNPATH_SEARCH_PATHS = "$(inherited) @executable_path/Frameworks";
				PRODUCT_NAME = "$(TARGET_NAME)";
			};
			name = Debug;
		};
		8977BF811A8572B700EC898A /* Release */ = {
			isa = XCBuildConfiguration;
			buildSettings = {
				ASSETCATALOG_COMPILER_APPICON_NAME = AppIcon;
				INFOPLIST_FILE = "Testing Websockets/Info.plist";
				LD_RUNPATH_SEARCH_PATHS = "$(inherited) @executable_path/Frameworks";
				PRODUCT_NAME = "$(TARGET_NAME)";
			};
			name = Release;
		};
		8977BF831A8572B700EC898A /* Debug */ = {
			isa = XCBuildConfiguration;
			buildSettings = {
				BUNDLE_LOADER = "$(TEST_HOST)";
				FRAMEWORK_SEARCH_PATHS = (
					"$(SDKROOT)/Developer/Library/Frameworks",
					"$(inherited)",
				);
				GCC_PREPROCESSOR_DEFINITIONS = (
					"DEBUG=1",
					"$(inherited)",
				);
				INFOPLIST_FILE = "Testing WebsocketsTests/Info.plist";
				LD_RUNPATH_SEARCH_PATHS = "$(inherited) @executable_path/Frameworks @loader_path/Frameworks";
				PRODUCT_NAME = "$(TARGET_NAME)";
				TEST_HOST = "$(BUILT_PRODUCTS_DIR)/Testing Websockets.app/Testing Websockets";
			};
			name = Debug;
		};
		8977BF841A8572B700EC898A /* Release */ = {
			isa = XCBuildConfiguration;
			buildSettings = {
				BUNDLE_LOADER = "$(TEST_HOST)";
				FRAMEWORK_SEARCH_PATHS = (
					"$(SDKROOT)/Developer/Library/Frameworks",
					"$(inherited)",
				);
				INFOPLIST_FILE = "Testing WebsocketsTests/Info.plist";
				LD_RUNPATH_SEARCH_PATHS = "$(inherited) @executable_path/Frameworks @loader_path/Frameworks";
				PRODUCT_NAME = "$(TARGET_NAME)";
				TEST_HOST = "$(BUILT_PRODUCTS_DIR)/Testing Websockets.app/Testing Websockets";
			};
			name = Release;
		};
/* End XCBuildConfiguration section */

/* Begin XCConfigurationList section */
		8977BF541A8572B700EC898A /* Build configuration list for PBXProject "Testing Websockets" */ = {
			isa = XCConfigurationList;
			buildConfigurations = (
				8977BF7D1A8572B700EC898A /* Debug */,
				8977BF7E1A8572B700EC898A /* Release */,
			);
			defaultConfigurationIsVisible = 0;
			defaultConfigurationName = Release;
		};
		8977BF7F1A8572B700EC898A /* Build configuration list for PBXNativeTarget "Testing Websockets" */ = {
			isa = XCConfigurationList;
			buildConfigurations = (
				8977BF801A8572B700EC898A /* Debug */,
				8977BF811A8572B700EC898A /* Release */,
			);
			defaultConfigurationIsVisible = 0;
		};
		8977BF821A8572B700EC898A /* Build configuration list for PBXNativeTarget "Testing WebsocketsTests" */ = {
			isa = XCConfigurationList;
			buildConfigurations = (
				8977BF831A8572B700EC898A /* Debug */,
				8977BF841A8572B700EC898A /* Release */,
			);
			defaultConfigurationIsVisible = 0;
		};
/* End XCConfigurationList section */

/* Begin XCVersionGroup section */
		8977BF631A8572B700EC898A /* Testing_Websockets.xcdatamodeld */ = {
			isa = XCVersionGroup;
			children = (
				8977BF641A8572B700EC898A /* Testing_Websockets.xcdatamodel */,
			);
			currentVersion = 8977BF641A8572B700EC898A /* Testing_Websockets.xcdatamodel */;
			path = Testing_Websockets.xcdatamodeld;
			sourceTree = "<group>";
			versionGroupType = wrapper.xcdatamodel;
		};
/* End XCVersionGroup section */
	};
	rootObject = 8977BF511A8572B700EC898A /* Project object */;
}
